
Microsoft Visual Studio Solution File, Format Version 12.00
# Visual Studio Version 17
VisualStudioVersion = 17.9.34728.123
MinimumVisualStudioVersion = 10.0.40219.1
Project("{8BC9CEB8-8B4A-11D0-8D11-00A0C91BC942}") = "DirectXGame", "DirectXGame.vcxproj", "{3C8C0C1A-C154-4AD8-8B0D-A1BF0B430C11}"
EndProject
Project("{2150E333-8FDC-42A3-9474-1A3956D46DE8}") = "ソリューション項目", "ソリューション項目", "{F71D8EF1-8EA2-4C06-BC8F-A231F43D3256}"
	ProjectSection(SolutionItems) = preProject
		.editorconfig = .editorconfig
	EndProjectSection
EndProject
Project("{8BC9CEB8-8B4A-11D0-8D11-00A0C91BC942}") = "DirectXTex", "externals\DirectXTex\DirectXTex_Desktop_2022_Win10.vcxproj", "{371B9FA9-4C90-4AC6-A123-ACED756D6C77}"
EndProject
Global
	GlobalSection(SolutionConfigurationPlatforms) = preSolution
		Debug|x64 = Debug|x64
		Profile|x64 = Profile|x64
		Release|x64 = Release|x64
	EndGlobalSection
	GlobalSection(ProjectConfigurationPlatforms) = postSolution
		{3C8C0C1A-C154-4AD8-8B0D-A1BF0B430C11}.Debug|x64.ActiveCfg = Debug|x64
		{3C8C0C1A-C154-4AD8-8B0D-A1BF0B430C11}.Debug|x64.Build.0 = Debug|x64
		{3C8C0C1A-C154-4AD8-8B0D-A1BF0B430C11}.Profile|x64.ActiveCfg = Release|x64
		{3C8C0C1A-C154-4AD8-8B0D-A1BF0B430C11}.Profile|x64.Build.0 = Release|x64
		{3C8C0C1A-C154-4AD8-8B0D-A1BF0B430C11}.Release|x64.ActiveCfg = Release|x64
		{3C8C0C1A-C154-4AD8-8B0D-A1BF0B430C11}.Release|x64.Build.0 = Release|x64
		{371B9FA9-4C90-4AC6-A123-ACED756D6C77}.Debug|x64.ActiveCfg = Debug|x64
		{371B9FA9-4C90-4AC6-A123-ACED756D6C77}.Debug|x64.Build.0 = Debug|x64
		{371B9FA9-4C90-4AC6-A123-ACED756D6C77}.Profile|x64.ActiveCfg = Profile|x64
		{371B9FA9-4C90-4AC6-A123-ACED756D6C77}.Profile|x64.Build.0 = Profile|x64
		{371B9FA9-4C90-4AC6-A123-ACED756D6C77}.Release|x64.ActiveCfg = Release|x64
		{371B9FA9-4C90-4AC6-A123-ACED756D6C77}.Release|x64.Build.0 = Release|x64
	EndGlobalSection
	GlobalSection(SolutionProperties) = preSolution
		HideSolutionNode = FALSE
	EndGlobalSection
	GlobalSection(ExtensibilityGlobals) = postSolution
		SolutionGuid = {762C9E7B-6DC1-4A92-95AF-DEEB4DA45BE9}
	EndGlobalSection
EndGlobal
